
Microsoft Visual Studio Solution File, Format Version 12.00
# Visual Studio 15
VisualStudioVersion = 15.0.26730.10
MinimumVisualStudioVersion = 10.0.40219.1
Project("{9A19103F-16F7-4668-BE54-9A1E7A4F7556}") = "UNSTEP.API", "UNSTEP.API\UNSTEP.API.csproj", "{8F8615E6-92EF-42DB-924D-206B5E68C866}"
EndProject
Project("{2150E333-8FDC-42A3-9474-1A3956D46DE8}") = "SchoolAdmin", "SchoolAdmin", "{71E0BB8F-3AA1-468D-BFE9-250FDC174949}"
EndProject
Project("{9A19103F-16F7-4668-BE54-9A1E7A4F7556}") = "UNSTEP.SchoolAdmin.Core", "UNSTEP.SchoolAdmin.Core\UNSTEP.SchoolAdmin.Core.csproj", "{87F09D44-6510-421A-855F-3CE928FCE449}"
EndProject
Project("{9A19103F-16F7-4668-BE54-9A1E7A4F7556}") = "UNSTEP.SchoolAdmin.Data", "UNSTEP.SchoolAdmin.Data\UNSTEP.SchoolAdmin.Data.csproj", "{4AF5EDC7-BE0C-4294-BCD8-1F0F42E6E413}"
EndProject
Project("{9A19103F-16F7-4668-BE54-9A1E7A4F7556}") = "UNSTEP.SchoolAdmin.IntegrationTests", "UNSTEP.SchoolAdmin.IntegrationTests\UNSTEP.SchoolAdmin.IntegrationTests.csproj", "{2F8B26CE-B15E-403A-81D4-A17B25A39196}"
EndProject
Project("{9A19103F-16F7-4668-BE54-9A1E7A4F7556}") = "UNSTEP.SharedKernel", "UNSTEP.SharedKernel\UNSTEP.SharedKernel.csproj", "{FBC893B4-8C15-452D-A904-7BC21818397A}"
EndProject
Project("{2150E333-8FDC-42A3-9474-1A3956D46DE8}") = "Business", "Business", "{7DA850D3-A827-446D-A898-3B4E5EEB8E38}"
EndProject
Project("{9A19103F-16F7-4668-BE54-9A1E7A4F7556}") = "UNSTEP.Common", "UNSTEP.Common\UNSTEP.Common.csproj", "{D416E561-C296-4D87-B133-B7A80ACDE1BA}"
EndProject
Project("{FAE04EC0-301F-11D3-BF4B-00C04F79EFBC}") = "UNSTEP.SchoolAdmin.UnitTests", "UNSTEP.SchoolAdmin.UnitTests\UNSTEP.SchoolAdmin.UnitTests.csproj", "{8AB5C696-6F1A-44D3-B64D-6D8B18002819}"
EndProject
Global
	GlobalSection(SolutionConfigurationPlatforms) = preSolution
		Debug|Any CPU = Debug|Any CPU
		Release|Any CPU = Release|Any CPU
	EndGlobalSection
	GlobalSection(ProjectConfigurationPlatforms) = postSolution
		{8F8615E6-92EF-42DB-924D-206B5E68C866}.Debug|Any CPU.ActiveCfg = Debug|Any CPU
		{8F8615E6-92EF-42DB-924D-206B5E68C866}.Debug|Any CPU.Build.0 = Debug|Any CPU
		{8F8615E6-92EF-42DB-924D-206B5E68C866}.Release|Any CPU.ActiveCfg = Release|Any CPU
		{8F8615E6-92EF-42DB-924D-206B5E68C866}.Release|Any CPU.Build.0 = Release|Any CPU
		{87F09D44-6510-421A-855F-3CE928FCE449}.Debug|Any CPU.ActiveCfg = Debug|Any CPU
		{87F09D44-6510-421A-855F-3CE928FCE449}.Debug|Any CPU.Build.0 = Debug|Any CPU
		{87F09D44-6510-421A-855F-3CE928FCE449}.Release|Any CPU.ActiveCfg = Release|Any CPU
		{87F09D44-6510-421A-855F-3CE928FCE449}.Release|Any CPU.Build.0 = Release|Any CPU
		{4AF5EDC7-BE0C-4294-BCD8-1F0F42E6E413}.Debug|Any CPU.ActiveCfg = Debug|Any CPU
		{4AF5EDC7-BE0C-4294-BCD8-1F0F42E6E413}.Debug|Any CPU.Build.0 = Debug|Any CPU
		{4AF5EDC7-BE0C-4294-BCD8-1F0F42E6E413}.Release|Any CPU.ActiveCfg = Release|Any CPU
		{4AF5EDC7-BE0C-4294-BCD8-1F0F42E6E413}.Release|Any CPU.Build.0 = Release|Any CPU
		{2F8B26CE-B15E-403A-81D4-A17B25A39196}.Debug|Any CPU.ActiveCfg = Debug|Any CPU
		{2F8B26CE-B15E-403A-81D4-A17B25A39196}.Debug|Any CPU.Build.0 = Debug|Any CPU
		{2F8B26CE-B15E-403A-81D4-A17B25A39196}.Release|Any CPU.ActiveCfg = Release|Any CPU
		{2F8B26CE-B15E-403A-81D4-A17B25A39196}.Release|Any CPU.Build.0 = Release|Any CPU
		{FBC893B4-8C15-452D-A904-7BC21818397A}.Debug|Any CPU.ActiveCfg = Debug|Any CPU
		{FBC893B4-8C15-452D-A904-7BC21818397A}.Debug|Any CPU.Build.0 = Debug|Any CPU
		{FBC893B4-8C15-452D-A904-7BC21818397A}.Release|Any CPU.ActiveCfg = Release|Any CPU
		{FBC893B4-8C15-452D-A904-7BC21818397A}.Release|Any CPU.Build.0 = Release|Any CPU
		{D416E561-C296-4D87-B133-B7A80ACDE1BA}.Debug|Any CPU.ActiveCfg = Debug|Any CPU
		{D416E561-C296-4D87-B133-B7A80ACDE1BA}.Debug|Any CPU.Build.0 = Debug|Any CPU
		{D416E561-C296-4D87-B133-B7A80ACDE1BA}.Release|Any CPU.ActiveCfg = Release|Any CPU
		{D416E561-C296-4D87-B133-B7A80ACDE1BA}.Release|Any CPU.Build.0 = Release|Any CPU
		{8AB5C696-6F1A-44D3-B64D-6D8B18002819}.Debug|Any CPU.ActiveCfg = Debug|Any CPU
		{8AB5C696-6F1A-44D3-B64D-6D8B18002819}.Debug|Any CPU.Build.0 = Debug|Any CPU
		{8AB5C696-6F1A-44D3-B64D-6D8B18002819}.Release|Any CPU.ActiveCfg = Release|Any CPU
		{8AB5C696-6F1A-44D3-B64D-6D8B18002819}.Release|Any CPU.Build.0 = Release|Any CPU
	EndGlobalSection
	GlobalSection(SolutionProperties) = preSolution
		HideSolutionNode = FALSE
	EndGlobalSection
	GlobalSection(NestedProjects) = preSolution
		{71E0BB8F-3AA1-468D-BFE9-250FDC174949} = {7DA850D3-A827-446D-A898-3B4E5EEB8E38}
		{87F09D44-6510-421A-855F-3CE928FCE449} = {71E0BB8F-3AA1-468D-BFE9-250FDC174949}
		{4AF5EDC7-BE0C-4294-BCD8-1F0F42E6E413} = {71E0BB8F-3AA1-468D-BFE9-250FDC174949}
		{2F8B26CE-B15E-403A-81D4-A17B25A39196} = {71E0BB8F-3AA1-468D-BFE9-250FDC174949}
		{FBC893B4-8C15-452D-A904-7BC21818397A} = {7DA850D3-A827-446D-A898-3B4E5EEB8E38}
		{8AB5C696-6F1A-44D3-B64D-6D8B18002819} = {71E0BB8F-3AA1-468D-BFE9-250FDC174949}
	EndGlobalSection
	GlobalSection(ExtensibilityGlobals) = postSolution
		SolutionGuid = {037B3E7B-C5B9-4A8E-A652-1B3FED368F4D}
	EndGlobalSection
EndGlobal
